// !$*UTF8*$!
{
	archiveVersion = 1;
	classes = {
	};
	objectVersion = 46;
	objects = {

/* Begin PBXBuildFile section */
		D61A72EB1B8435C300C881D2 /* XCodeShowVersion.m in Sources */ = {isa = PBXBuildFile; fileRef = D61A72EA1B8435C300C881D2 /* XCodeShowVersion.m */; };
		D6A3714C1B84479B00697351 /* CoreFoundation.framework in Frameworks */ = {isa = PBXBuildFile; fileRef = D6A3714B1B84479B00697351 /* CoreFoundation.framework */; };
		D6A3714E1B8447C300697351 /* IDEKit.framework in Frameworks */ = {isa = PBXBuildFile; fileRef = D6A3714D1B8447C300697351 /* IDEKit.framework */; };
/* End PBXBuildFile section */

/* Begin PBXFileReference section */
		D61A72DE1B84340200C881D2 /* XCodeShowVersion.xcplugin */ = {isa = PBXFileReference; explicitFileType = wrapper.cfbundle; includeInIndex = 0; path = XCodeShowVersion.xcplugin; sourceTree = BUILT_PRODUCTS_DIR; };
		D61A72E21B84340200C881D2 /* Info.plist */ = {isa = PBXFileReference; lastKnownFileType = text.plist.xml; path = Info.plist; sourceTree = "<group>"; };
		D61A72E91B8435C300C881D2 /* XCodeShowVersion.h */ = {isa = PBXFileReference; fileEncoding = 4; lastKnownFileType = sourcecode.c.h; path = XCodeShowVersion.h; sourceTree = "<group>"; };
		D61A72EA1B8435C300C881D2 /* XCodeShowVersion.m */ = {isa = PBXFileReference; fileEncoding = 4; lastKnownFileType = sourcecode.c.objc; path = XCodeShowVersion.m; sourceTree = "<group>"; };
		D6A3714B1B84479B00697351 /* CoreFoundation.framework */ = {isa = PBXFileReference; lastKnownFileType = wrapper.framework; name = CoreFoundation.framework; path = System/Library/Frameworks/CoreFoundation.framework; sourceTree = SDKROOT; };
		D6A3714D1B8447C300697351 /* IDEKit.framework */ = {isa = PBXFileReference; lastKnownFileType = wrapper.framework; name = IDEKit.framework; path = /Applications/Xcode.app/Contents/Frameworks/IDEKit.framework; sourceTree = "<absolute>"; };
		D6A8A47D1B84468300EA17BA /* XcodeComponents.h */ = {isa = PBXFileReference; lastKnownFileType = sourcecode.c.h; path = XcodeComponents.h; sourceTree = "<group>"; };
		D6B687941B84526300B19FC3 /* README.md */ = {isa = PBXFileReference; lastKnownFileType = net.daringfireball.markdown; path = README.md; sourceTree = "<group>"; };
		D6B687961B84536900B19FC3 /* version.png */ = {isa = PBXFileReference; lastKnownFileType = image.png; path = version.png; sourceTree = "<group>"; };
/* End PBXFileReference section */

/* Begin PBXFrameworksBuildPhase section */
		D61A72DB1B84340200C881D2 /* Frameworks */ = {
			isa = PBXFrameworksBuildPhase;
			buildActionMask = 2147483647;
			files = (
				D6A3714E1B8447C300697351 /* IDEKit.framework in Frameworks */,
				D6A3714C1B84479B00697351 /* CoreFoundation.framework in Frameworks */,
			);
			runOnlyForDeploymentPostprocessing = 0;
		};
/* End PBXFrameworksBuildPhase section */

/* Begin PBXGroup section */
		D61A72D51B84340200C881D2 = {
			isa = PBXGroup;
			children = (
				D6B687951B84531D00B19FC3 /* Document */,
				D6B687941B84526300B19FC3 /* README.md */,
				D69572CA1B844DC9006DE40A /* Framework */,
				D61A72E01B84340200C881D2 /* XCodeShowVersion */,
				D61A72DF1B84340200C881D2 /* Products */,
			);
			sourceTree = "<group>";
		};
		D61A72DF1B84340200C881D2 /* Products */ = {
			isa = PBXGroup;
			children = (
				D61A72DE1B84340200C881D2 /* XCodeShowVersion.xcplugin */,
			);
			name = Products;
			sourceTree = "<group>";
		};
		D61A72E01B84340200C881D2 /* XCodeShowVersion */ = {
			isa = PBXGroup;
			children = (
				D6A8A4791B84453400EA17BA /* Xcode */,
				D61A72E81B8435AA00C881D2 /* Class */,
				D61A72E11B84340200C881D2 /* Supporting Files */,
			);
			path = XCodeShowVersion;
			sourceTree = "<group>";
		};
		D61A72E11B84340200C881D2 /* Supporting Files */ = {
			isa = PBXGroup;
			children = (
				D61A72E21B84340200C881D2 /* Info.plist */,
			);
			name = "Supporting Files";
			sourceTree = "<group>";
		};
		D61A72E81B8435AA00C881D2 /* Class */ = {
			isa = PBXGroup;
			children = (
				D61A72E91B8435C300C881D2 /* XCodeShowVersion.h */,
				D61A72EA1B8435C300C881D2 /* XCodeShowVersion.m */,
			);
			name = Class;
			sourceTree = "<group>";
		};
		D69572CA1B844DC9006DE40A /* Framework */ = {
			isa = PBXGroup;
			children = (
				D6A3714B1B84479B00697351 /* CoreFoundation.framework */,
				D6A3714D1B8447C300697351 /* IDEKit.framework */,
			);
			name = Framework;
			sourceTree = "<group>";
		};
		D6A8A4791B84453400EA17BA /* Xcode */ = {
			isa = PBXGroup;
			children = (
				D6A8A47D1B84468300EA17BA /* XcodeComponents.h */,
			);
			name = Xcode;
			sourceTree = "<group>";
		};
		D6B687951B84531D00B19FC3 /* Document */ = {
			isa = PBXGroup;
			children = (
				D6B687961B84536900B19FC3 /* version.png */,
			);
			name = Document;
			sourceTree = "<group>";
		};
/* End PBXGroup section */

/* Begin PBXNativeTarget section */
		D61A72DD1B84340200C881D2 /* XCodeShowVersion */ = {
			isa = PBXNativeTarget;
			buildConfigurationList = D61A72E51B84340200C881D2 /* Build configuration list for PBXNativeTarget "XCodeShowVersion" */;
			buildPhases = (
				D61A72DA1B84340200C881D2 /* Sources */,
				D61A72DB1B84340200C881D2 /* Frameworks */,
				D61A72DC1B84340200C881D2 /* Resources */,
			);
			buildRules = (
			);
			dependencies = (
			);
			name = XCodeShowVersion;
			productName = XCodeShowVersion;
			productReference = D61A72DE1B84340200C881D2 /* XCodeShowVersion.xcplugin */;
			productType = "com.apple.product-type.bundle";
		};
/* End PBXNativeTarget section */

/* Begin PBXProject section */
		D61A72D61B84340200C881D2 /* Project object */ = {
			isa = PBXProject;
			attributes = {
				LastUpgradeCheck = 0640;
				ORGANIZATIONNAME = hmu;
				TargetAttributes = {
					D61A72DD1B84340200C881D2 = {
						CreatedOnToolsVersion = 6.4;
					};
				};
			};
			buildConfigurationList = D61A72D91B84340200C881D2 /* Build configuration list for PBXProject "XCodeShowVersion" */;
			compatibilityVersion = "Xcode 3.2";
			developmentRegion = English;
			hasScannedForEncodings = 0;
			knownRegions = (
				en,
			);
			mainGroup = D61A72D51B84340200C881D2;
			productRefGroup = D61A72DF1B84340200C881D2 /* Products */;
			projectDirPath = "";
			projectRoot = "";
			targets = (
				D61A72DD1B84340200C881D2 /* XCodeShowVersion */,
			);
		};
/* End PBXProject section */

/* Begin PBXResourcesBuildPhase section */
		D61A72DC1B84340200C881D2 /* Resources */ = {
			isa = PBXResourcesBuildPhase;
			buildActionMask = 2147483647;
			files = (
			);
			runOnlyForDeploymentPostprocessing = 0;
		};
/* End PBXResourcesBuildPhase section */

/* Begin PBXSourcesBuildPhase section */
		D61A72DA1B84340200C881D2 /* Sources */ = {
			isa = PBXSourcesBuildPhase;
			buildActionMask = 2147483647;
			files = (
				D61A72EB1B8435C300C881D2 /* XCodeShowVersion.m in Sources */,
			);
			runOnlyForDeploymentPostprocessing = 0;
		};
/* End PBXSourcesBuildPhase section */

/* Begin XCBuildConfiguration section */
		D61A72E31B84340200C881D2 /* Debug */ = {
			isa = XCBuildConfiguration;
			buildSettings = {
				ALWAYS_SEARCH_USER_PATHS = NO;
				CLANG_CXX_LANGUAGE_STANDARD = "gnu++0x";
				CLANG_CXX_LIBRARY = "libc++";
				CLANG_ENABLE_MODULES = YES;
				CLANG_ENABLE_OBJC_ARC = YES;
				CLANG_WARN_BOOL_CONVERSION = YES;
				CLANG_WARN_CONSTANT_CONVERSION = YES;
				CLANG_WARN_DIRECT_OBJC_ISA_USAGE = YES_ERROR;
				CLANG_WARN_EMPTY_BODY = YES;
				CLANG_WARN_ENUM_CONVERSION = YES;
				CLANG_WARN_INT_CONVERSION = YES;
				CLANG_WARN_OBJC_ROOT_CLASS = YES_ERROR;
				CLANG_WARN_UNREACHABLE_CODE = YES;
				CLANG_WARN__DUPLICATE_METHOD_MATCH = YES;
				COPY_PHASE_STRIP = NO;
				DEBUG_INFORMATION_FORMAT = dwarf;
				ENABLE_STRICT_OBJC_MSGSEND = YES;
				GCC_C_LANGUAGE_STANDARD = gnu99;
				GCC_DYNAMIC_NO_PIC = NO;
				GCC_NO_COMMON_BLOCKS = YES;
				GCC_OPTIMIZATION_LEVEL = 0;
				GCC_PREPROCESSOR_DEFINITIONS = (
					"DEBUG=1",
					"$(inherited)",
				);
				GCC_SYMBOLS_PRIVATE_EXTERN = NO;
				GCC_WARN_64_TO_32_BIT_CONVERSION = YES;
				GCC_WARN_ABOUT_RETURN_TYPE = YES_ERROR;
				GCC_WARN_UNDECLARED_SELECTOR = YES;
				GCC_WARN_UNINITIALIZED_AUTOS = YES_AGGRESSIVE;
				GCC_WARN_UNUSED_FUNCTION = YES;
				GCC_WARN_UNUSED_VARIABLE = YES;
				MACOSX_DEPLOYMENT_TARGET = 10.10;
				MTL_ENABLE_DEBUG_INFO = YES;
				ONLY_ACTIVE_ARCH = YES;
				SDKROOT = macosx;
			};
			name = Debug;
		};
		D61A72E41B84340200C881D2 /* Release */ = {
			isa = XCBuildConfiguration;
			buildSettings = {
				ALWAYS_SEARCH_USER_PATHS = NO;
				CLANG_CXX_LANGUAGE_STANDARD = "gnu++0x";
				CLANG_CXX_LIBRARY = "libc++";
				CLANG_ENABLE_MODULES = YES;
				CLANG_ENABLE_OBJC_ARC = YES;
				CLANG_WARN_BOOL_CONVERSION = YES;
				CLANG_WARN_CONSTANT_CONVERSION = YES;
				CLANG_WARN_DIRECT_OBJC_ISA_USAGE = YES_ERROR;
				CLANG_WARN_EMPTY_BODY = YES;
				CLANG_WARN_ENUM_CONVERSION = YES;
				CLANG_WARN_INT_CONVERSION = YES;
				CLANG_WARN_OBJC_ROOT_CLASS = YES_ERROR;
				CLANG_WARN_UNREACHABLE_CODE = YES;
				CLANG_WARN__DUPLICATE_METHOD_MATCH = YES;
				COPY_PHASE_STRIP = NO;
				DEBUG_INFORMATION_FORMAT = "dwarf-with-dsym";
				ENABLE_NS_ASSERTIONS = NO;
				ENABLE_STRICT_OBJC_MSGSEND = YES;
				GCC_C_LANGUAGE_STANDARD = gnu99;
				GCC_NO_COMMON_BLOCKS = YES;
				GCC_WARN_64_TO_32_BIT_CONVERSION = YES;
				GCC_WARN_ABOUT_RETURN_TYPE = YES_ERROR;
				GCC_WARN_UNDECLARED_SELECTOR = YES;
				GCC_WARN_UNINITIALIZED_AUTOS = YES_AGGRESSIVE;
				GCC_WARN_UNUSED_FUNCTION = YES;
				GCC_WARN_UNUSED_VARIABLE = YES;
				MACOSX_DEPLOYMENT_TARGET = 10.10;
				MTL_ENABLE_DEBUG_INFO = NO;
				SDKROOT = macosx;
			};
			name = Release;
		};
		D61A72E61B84340200C881D2 /* Debug */ = {
			isa = XCBuildConfiguration;
			buildSettings = {
				COMBINE_HIDPI_IMAGES = YES;
				DEPLOYMENT_LOCATION = YES;
				DSTROOT = "$(HOME)";
				FRAMEWORK_SEARCH_PATHS = (
					"$(inherited)",
					"$(SYSTEM_APPS_DIR)/Xcode.app/Contents/Frameworks",
				);
				INFOPLIST_FILE = XCodeShowVersion/Info.plist;
				INSTALL_PATH = "$(LOCAL_LIBRARY_DIR)/Application Support/Developer/Shared/Xcode/Plug-ins";
				PRODUCT_NAME = "$(TARGET_NAME)";
				SKIP_INSTALL = NO;
				WRAPPER_EXTENSION = xcplugin;
			};
			name = Debug;
		};
		D61A72E71B84340200C881D2 /* Release */ = {
			isa = XCBuildConfiguration;
			buildSettings = {
				COMBINE_HIDPI_IMAGES = YES;
				DEPLOYMENT_LOCATION = YES;
				DSTROOT = "$(HOME)";
				FRAMEWORK_SEARCH_PATHS = (
					"$(inherited)",
					"$(SYSTEM_APPS_DIR)/Xcode.app/Contents/Frameworks",
				);
				INFOPLIST_FILE = XCodeShowVersion/Info.plist;
				INSTALL_PATH = "$(LOCAL_LIBRARY_DIR)/Application Support/Developer/Shared/Xcode/Plug-ins";
				PRODUCT_NAME = "$(TARGET_NAME)";
				SKIP_INSTALL = NO;
				WRAPPER_EXTENSION = xcplugin;
			};
			name = Release;
		};
/* End XCBuildConfiguration section */

/* Begin XCConfigurationList section */
		D61A72D91B84340200C881D2 /* Build configuration list for PBXProject "XCodeShowVersion" */ = {
			isa = XCConfigurationList;
			buildConfigurations = (
				D61A72E31B84340200C881D2 /* Debug */,
				D61A72E41B84340200C881D2 /* Release */,
			);
			defaultConfigurationIsVisible = 0;
			defaultConfigurationName = Release;
		};
		D61A72E51B84340200C881D2 /* Build configuration list for PBXNativeTarget "XCodeShowVersion" */ = {
			isa = XCConfigurationList;
			buildConfigurations = (
				D61A72E61B84340200C881D2 /* Debug */,
				D61A72E71B84340200C881D2 /* Release */,
			);
			defaultConfigurationIsVisible = 0;
			defaultConfigurationName = Release;
		};
/* End XCConfigurationList section */
	};
	rootObject = D61A72D61B84340200C881D2 /* Project object */;
}
